
Microsoft Visual Studio Solution File, Format Version 12.00
# Visual Studio 14
VisualStudioVersion = 14.0.25420.1
MinimumVisualStudioVersion = 10.0.40219.1
Project("{FAE04EC0-301F-11D3-BF4B-00C04F79EFBC}") = "Until_Biome", "Until_Biome\Until_Biome.csproj", "{C0429185-2A7A-42FD-8CB0-1CC14BCFADD6}"
EndProject
Global
	GlobalSection(SolutionConfigurationPlatforms) = preSolution
		Debug|Any CPU = Debug|Any CPU
		Release|Any CPU = Release|Any CPU
	EndGlobalSection
	GlobalSection(ProjectConfigurationPlatforms) = postSolution
		{C0429185-2A7A-42FD-8CB0-1CC14BCFADD6}.Debug|Any CPU.ActiveCfg = Debug|Any CPU
		{C0429185-2A7A-42FD-8CB0-1CC14BCFADD6}.Debug|Any CPU.Build.0 = Debug|Any CPU
		{C0429185-2A7A-42FD-8CB0-1CC14BCFADD6}.Release|Any CPU.ActiveCfg = Release|Any CPU
		{C0429185-2A7A-42FD-8CB0-1CC14BCFADD6}.Release|Any CPU.Build.0 = Release|Any CPU
	EndGlobalSection
	GlobalSection(SolutionProperties) = preSolution
		HideSolutionNode = FALSE
	EndGlobalSection
EndGlobal
